{
  "requires": true,
  "lockfileVersion": 1,
  "dependencies": {
    "hexo-generator-i18n": {
      "version": "0.0.7",
      "resolved": "http://registry.npm.taobao.org/hexo-generator-i18n/download/hexo-generator-i18n-0.0.7.tgz",
      "integrity": "sha1-qzwZi9gKBxABGvwucME8W57m7Aw=",
      "requires": {
        "lodash": "4.17.5"
      }
    },
    "lodash": {
      "version": "4.17.5",
      "resolved": "http://registry.npm.taobao.org/lodash/download/lodash-4.17.5.tgz",
      "integrity": "sha1-maktZcAnLevoyWtgV7yPv6O+1RE="
    }
  }
}
